
Microsoft Visual Studio Solution File, Format Version 12.00
# Visual Studio 14
VisualStudioVersion = 14.0.25420.1
MinimumVisualStudioVersion = 10.0.40219.1
Project("{FAE04EC0-301F-11D3-BF4B-00C04F79EFBC}") = "000主线程和次线程", "000主线程和次线程\000主线程和次线程.csproj", "{D5AD0BA9-55CB-4759-BA0E-1F67A7D2708A}"
EndProject
Project("{FAE04EC0-301F-11D3-BF4B-00C04F79EFBC}") = "001多线程的执行顺序", "001多线程的执行顺序\001多线程的执行顺序.csproj", "{A99223C7-881F-4AC1-A1ED-AA956E3EDF5B}"
EndProject
Project("{FAE04EC0-301F-11D3-BF4B-00C04F79EFBC}") = "002Task类的使用", "002Task类的使用\002Task类的使用.csproj", "{77507179-6AEA-43EF-BB2C-78E3CB13FA22}"
EndProject
Project("{FAE04EC0-301F-11D3-BF4B-00C04F79EFBC}") = "003接续工作", "003接续工作\003接续工作.csproj", "{FFB54116-C63E-4F35-B8C3-F9E8497FAAD5}"
EndProject
Project("{FAE04EC0-301F-11D3-BF4B-00C04F79EFBC}") = "004Parallel类的使用", "004Parallel类的使用\004Parallel类的使用.csproj", "{EFA12BBE-F039-4A99-B0B0-663E8CA3FD61}"
EndProject
Project("{FAE04EC0-301F-11D3-BF4B-00C04F79EFBC}") = "005async和await关键字", "005async和await关键字\005async和await关键字.csproj", "{B113EC38-0C62-4907-89E5-1784831BBE78}"
EndProject
Project("{FAE04EC0-301F-11D3-BF4B-00C04F79EFBC}") = "006委托异步编程", "006委托异步编程\006委托异步编程.csproj", "{33A03A21-6B1D-40E5-8828-B92BFD91B2F7}"
EndProject
Project("{FAE04EC0-301F-11D3-BF4B-00C04F79EFBC}") = "0060FileStreamBeginRead", "0060FileStreamBeginRead\0060FileStreamBeginRead.csproj", "{F97F4333-A8EC-44ED-A303-E5336B02BE92}"
EndProject
Project("{FAE04EC0-301F-11D3-BF4B-00C04F79EFBC}") = "004并行Linq查询", "004并行Linq查询\004并行Linq查询.csproj", "{D0D62534-C5C4-4579-AB51-E7FA98F47201}"
EndProject
Project("{FAE04EC0-301F-11D3-BF4B-00C04F79EFBC}") = "0030取消一个异步操作", "0030取消一个异步操作\0030取消一个异步操作.csproj", "{A9CC883F-EA5E-4251-8D7D-12AA1C682739}"
EndProject
Project("{FAE04EC0-301F-11D3-BF4B-00C04F79EFBC}") = "0040线程安全集合", "0040线程安全集合\0040线程安全集合.csproj", "{FAB1786D-2B39-4600-884E-E864A8B1A716}"
EndProject
Project("{FAE04EC0-301F-11D3-BF4B-00C04F79EFBC}") = "0050async和await关键字-控制流", "0050async和await关键字-控制流\0050async和await关键字-控制流.csproj", "{02821B97-16BA-4ABD-8296-488F76D67B04}"
EndProject
Project("{FAE04EC0-301F-11D3-BF4B-00C04F79EFBC}") = "008异步操作中异常处理", "008异步操作中异常处理\008异步操作中异常处理.csproj", "{F6D59612-2A57-4D97-B052-5175011ECB53}"
EndProject
Project("{FAE04EC0-301F-11D3-BF4B-00C04F79EFBC}") = "007调用方法中同步和异步等待任务", "007调用方法中同步和异步等待任务\007调用方法中同步和异步等待任务.csproj", "{4F53F515-ADF1-40F6-968B-23C35CA70E87}"
EndProject
Project("{FAE04EC0-301F-11D3-BF4B-00C04F79EFBC}") = "009AggregateException中方法", "009AggregateException中方法\009AggregateException中方法.csproj", "{FFD470AD-3EEC-4FBF-9CAE-0ED984677BAB}"
EndProject
Global
	GlobalSection(SolutionConfigurationPlatforms) = preSolution
		Debug|Any CPU = Debug|Any CPU
		Release|Any CPU = Release|Any CPU
	EndGlobalSection
	GlobalSection(ProjectConfigurationPlatforms) = postSolution
		{D5AD0BA9-55CB-4759-BA0E-1F67A7D2708A}.Debug|Any CPU.ActiveCfg = Debug|Any CPU
		{D5AD0BA9-55CB-4759-BA0E-1F67A7D2708A}.Debug|Any CPU.Build.0 = Debug|Any CPU
		{D5AD0BA9-55CB-4759-BA0E-1F67A7D2708A}.Release|Any CPU.ActiveCfg = Release|Any CPU
		{D5AD0BA9-55CB-4759-BA0E-1F67A7D2708A}.Release|Any CPU.Build.0 = Release|Any CPU
		{A99223C7-881F-4AC1-A1ED-AA956E3EDF5B}.Debug|Any CPU.ActiveCfg = Debug|Any CPU
		{A99223C7-881F-4AC1-A1ED-AA956E3EDF5B}.Debug|Any CPU.Build.0 = Debug|Any CPU
		{A99223C7-881F-4AC1-A1ED-AA956E3EDF5B}.Release|Any CPU.ActiveCfg = Release|Any CPU
		{A99223C7-881F-4AC1-A1ED-AA956E3EDF5B}.Release|Any CPU.Build.0 = Release|Any CPU
		{77507179-6AEA-43EF-BB2C-78E3CB13FA22}.Debug|Any CPU.ActiveCfg = Debug|Any CPU
		{77507179-6AEA-43EF-BB2C-78E3CB13FA22}.Debug|Any CPU.Build.0 = Debug|Any CPU
		{77507179-6AEA-43EF-BB2C-78E3CB13FA22}.Release|Any CPU.ActiveCfg = Release|Any CPU
		{77507179-6AEA-43EF-BB2C-78E3CB13FA22}.Release|Any CPU.Build.0 = Release|Any CPU
		{FFB54116-C63E-4F35-B8C3-F9E8497FAAD5}.Debug|Any CPU.ActiveCfg = Debug|Any CPU
		{FFB54116-C63E-4F35-B8C3-F9E8497FAAD5}.Debug|Any CPU.Build.0 = Debug|Any CPU
		{FFB54116-C63E-4F35-B8C3-F9E8497FAAD5}.Release|Any CPU.ActiveCfg = Release|Any CPU
		{FFB54116-C63E-4F35-B8C3-F9E8497FAAD5}.Release|Any CPU.Build.0 = Release|Any CPU
		{EFA12BBE-F039-4A99-B0B0-663E8CA3FD61}.Debug|Any CPU.ActiveCfg = Debug|Any CPU
		{EFA12BBE-F039-4A99-B0B0-663E8CA3FD61}.Debug|Any CPU.Build.0 = Debug|Any CPU
		{EFA12BBE-F039-4A99-B0B0-663E8CA3FD61}.Release|Any CPU.ActiveCfg = Release|Any CPU
		{EFA12BBE-F039-4A99-B0B0-663E8CA3FD61}.Release|Any CPU.Build.0 = Release|Any CPU
		{B113EC38-0C62-4907-89E5-1784831BBE78}.Debug|Any CPU.ActiveCfg = Debug|Any CPU
		{B113EC38-0C62-4907-89E5-1784831BBE78}.Debug|Any CPU.Build.0 = Debug|Any CPU
		{B113EC38-0C62-4907-89E5-1784831BBE78}.Release|Any CPU.ActiveCfg = Release|Any CPU
		{B113EC38-0C62-4907-89E5-1784831BBE78}.Release|Any CPU.Build.0 = Release|Any CPU
		{33A03A21-6B1D-40E5-8828-B92BFD91B2F7}.Debug|Any CPU.ActiveCfg = Debug|Any CPU
		{33A03A21-6B1D-40E5-8828-B92BFD91B2F7}.Debug|Any CPU.Build.0 = Debug|Any CPU
		{33A03A21-6B1D-40E5-8828-B92BFD91B2F7}.Release|Any CPU.ActiveCfg = Release|Any CPU
		{33A03A21-6B1D-40E5-8828-B92BFD91B2F7}.Release|Any CPU.Build.0 = Release|Any CPU
		{F97F4333-A8EC-44ED-A303-E5336B02BE92}.Debug|Any CPU.ActiveCfg = Debug|Any CPU
		{F97F4333-A8EC-44ED-A303-E5336B02BE92}.Debug|Any CPU.Build.0 = Debug|Any CPU
		{F97F4333-A8EC-44ED-A303-E5336B02BE92}.Release|Any CPU.ActiveCfg = Release|Any CPU
		{F97F4333-A8EC-44ED-A303-E5336B02BE92}.Release|Any CPU.Build.0 = Release|Any CPU
		{D0D62534-C5C4-4579-AB51-E7FA98F47201}.Debug|Any CPU.ActiveCfg = Debug|Any CPU
		{D0D62534-C5C4-4579-AB51-E7FA98F47201}.Debug|Any CPU.Build.0 = Debug|Any CPU
		{D0D62534-C5C4-4579-AB51-E7FA98F47201}.Release|Any CPU.ActiveCfg = Release|Any CPU
		{D0D62534-C5C4-4579-AB51-E7FA98F47201}.Release|Any CPU.Build.0 = Release|Any CPU
		{A9CC883F-EA5E-4251-8D7D-12AA1C682739}.Debug|Any CPU.ActiveCfg = Debug|Any CPU
		{A9CC883F-EA5E-4251-8D7D-12AA1C682739}.Debug|Any CPU.Build.0 = Debug|Any CPU
		{A9CC883F-EA5E-4251-8D7D-12AA1C682739}.Release|Any CPU.ActiveCfg = Release|Any CPU
		{A9CC883F-EA5E-4251-8D7D-12AA1C682739}.Release|Any CPU.Build.0 = Release|Any CPU
		{FAB1786D-2B39-4600-884E-E864A8B1A716}.Debug|Any CPU.ActiveCfg = Debug|Any CPU
		{FAB1786D-2B39-4600-884E-E864A8B1A716}.Debug|Any CPU.Build.0 = Debug|Any CPU
		{FAB1786D-2B39-4600-884E-E864A8B1A716}.Release|Any CPU.ActiveCfg = Release|Any CPU
		{FAB1786D-2B39-4600-884E-E864A8B1A716}.Release|Any CPU.Build.0 = Release|Any CPU
		{02821B97-16BA-4ABD-8296-488F76D67B04}.Debug|Any CPU.ActiveCfg = Debug|Any CPU
		{02821B97-16BA-4ABD-8296-488F76D67B04}.Debug|Any CPU.Build.0 = Debug|Any CPU
		{02821B97-16BA-4ABD-8296-488F76D67B04}.Release|Any CPU.ActiveCfg = Release|Any CPU
		{02821B97-16BA-4ABD-8296-488F76D67B04}.Release|Any CPU.Build.0 = Release|Any CPU
		{F6D59612-2A57-4D97-B052-5175011ECB53}.Debug|Any CPU.ActiveCfg = Debug|Any CPU
		{F6D59612-2A57-4D97-B052-5175011ECB53}.Debug|Any CPU.Build.0 = Debug|Any CPU
		{F6D59612-2A57-4D97-B052-5175011ECB53}.Release|Any CPU.ActiveCfg = Release|Any CPU
		{F6D59612-2A57-4D97-B052-5175011ECB53}.Release|Any CPU.Build.0 = Release|Any CPU
		{4F53F515-ADF1-40F6-968B-23C35CA70E87}.Debug|Any CPU.ActiveCfg = Debug|Any CPU
		{4F53F515-ADF1-40F6-968B-23C35CA70E87}.Debug|Any CPU.Build.0 = Debug|Any CPU
		{4F53F515-ADF1-40F6-968B-23C35CA70E87}.Release|Any CPU.ActiveCfg = Release|Any CPU
		{4F53F515-ADF1-40F6-968B-23C35CA70E87}.Release|Any CPU.Build.0 = Release|Any CPU
		{FFD470AD-3EEC-4FBF-9CAE-0ED984677BAB}.Debug|Any CPU.ActiveCfg = Debug|Any CPU
		{FFD470AD-3EEC-4FBF-9CAE-0ED984677BAB}.Debug|Any CPU.Build.0 = Debug|Any CPU
		{FFD470AD-3EEC-4FBF-9CAE-0ED984677BAB}.Release|Any CPU.ActiveCfg = Release|Any CPU
		{FFD470AD-3EEC-4FBF-9CAE-0ED984677BAB}.Release|Any CPU.Build.0 = Release|Any CPU
	EndGlobalSection
	GlobalSection(SolutionProperties) = preSolution
		HideSolutionNode = FALSE
	EndGlobalSection
EndGlobal
